
Microsoft Visual Studio Solution File, Format Version 12.00
# Visual Studio Version 17
VisualStudioVersion = 17.3.32819.101
MinimumVisualStudioVersion = 10.0.40219.1
Project("{FAE04EC0-301F-11D3-BF4B-00C04F79EFBC}") = "Snake2", "Snake2\Snake2.csproj", "{BE57FCCF-0EB5-45D2-8787-ECB22D96C174}"
EndProject
Global
	GlobalSection(SolutionConfigurationPlatforms) = preSolution
		Debug|Any CPU = Debug|Any CPU
		Release|Any CPU = Release|Any CPU
	EndGlobalSection
	GlobalSection(ProjectConfigurationPlatforms) = postSolution
		{BE57FCCF-0EB5-45D2-8787-ECB22D96C174}.Debug|Any CPU.ActiveCfg = Debug|Any CPU
		{BE57FCCF-0EB5-45D2-8787-ECB22D96C174}.Debug|Any CPU.Build.0 = Debug|Any CPU
		{BE57FCCF-0EB5-45D2-8787-ECB22D96C174}.Release|Any CPU.ActiveCfg = Release|Any CPU
		{BE57FCCF-0EB5-45D2-8787-ECB22D96C174}.Release|Any CPU.Build.0 = Release|Any CPU
	EndGlobalSection
	GlobalSection(SolutionProperties) = preSolution
		HideSolutionNode = FALSE
	EndGlobalSection
	GlobalSection(ExtensibilityGlobals) = postSolution
		SolutionGuid = {09A9EC79-B695-482C-955B-625393242B0D}
	EndGlobalSection
EndGlobal
